
Microsoft Visual Studio Solution File, Format Version 12.00
# Visual Studio Version 16
VisualStudioVersion = 16.0.30523.141
MinimumVisualStudioVersion = 10.0.40219.1
Project("{9A19103F-16F7-4668-BE54-9A1E7A4F7556}") = "Bondane_Carmen_Lab2", "Bondane_Carmen_Lab2.csproj", "{1DF97C5B-6B15-4A32-9503-29A1BDA85314}"
EndProject
Project("{9A19103F-16F7-4668-BE54-9A1E7A4F7556}") = "LibraryModel", "..\LibraryModel\LibraryModel.csproj", "{567A9A95-962D-48D2-89DA-F4AB6FA0EAB3}"
EndProject
Project("{9A19103F-16F7-4668-BE54-9A1E7A4F7556}") = "LibraryWebAPI", "..\LibraryWebAPI\LibraryWebAPI.csproj", "{47259D11-3DC7-4346-9FF0-AACC12281D77}"
EndProject
Project("{FAE04EC0-301F-11D3-BF4B-00C04F79EFBC}") = "GrpcCustomersService", "..\GrpcCustomersService\GrpcCustomersService.csproj", "{F4B46DF6-AAB4-4190-99EC-BC870A1D6A67}"
EndProject
Global
	GlobalSection(SolutionConfigurationPlatforms) = preSolution
		Debug|Any CPU = Debug|Any CPU
		Release|Any CPU = Release|Any CPU
	EndGlobalSection
	GlobalSection(ProjectConfigurationPlatforms) = postSolution
		{1DF97C5B-6B15-4A32-9503-29A1BDA85314}.Debug|Any CPU.ActiveCfg = Debug|Any CPU
		{1DF97C5B-6B15-4A32-9503-29A1BDA85314}.Debug|Any CPU.Build.0 = Debug|Any CPU
		{1DF97C5B-6B15-4A32-9503-29A1BDA85314}.Release|Any CPU.ActiveCfg = Release|Any CPU
		{1DF97C5B-6B15-4A32-9503-29A1BDA85314}.Release|Any CPU.Build.0 = Release|Any CPU
		{567A9A95-962D-48D2-89DA-F4AB6FA0EAB3}.Debug|Any CPU.ActiveCfg = Debug|Any CPU
		{567A9A95-962D-48D2-89DA-F4AB6FA0EAB3}.Debug|Any CPU.Build.0 = Debug|Any CPU
		{567A9A95-962D-48D2-89DA-F4AB6FA0EAB3}.Release|Any CPU.ActiveCfg = Release|Any CPU
		{567A9A95-962D-48D2-89DA-F4AB6FA0EAB3}.Release|Any CPU.Build.0 = Release|Any CPU
		{47259D11-3DC7-4346-9FF0-AACC12281D77}.Debug|Any CPU.ActiveCfg = Debug|Any CPU
		{47259D11-3DC7-4346-9FF0-AACC12281D77}.Debug|Any CPU.Build.0 = Debug|Any CPU
		{47259D11-3DC7-4346-9FF0-AACC12281D77}.Release|Any CPU.ActiveCfg = Release|Any CPU
		{47259D11-3DC7-4346-9FF0-AACC12281D77}.Release|Any CPU.Build.0 = Release|Any CPU
		{F4B46DF6-AAB4-4190-99EC-BC870A1D6A67}.Debug|Any CPU.ActiveCfg = Debug|Any CPU
		{F4B46DF6-AAB4-4190-99EC-BC870A1D6A67}.Debug|Any CPU.Build.0 = Debug|Any CPU
		{F4B46DF6-AAB4-4190-99EC-BC870A1D6A67}.Release|Any CPU.ActiveCfg = Release|Any CPU
		{F4B46DF6-AAB4-4190-99EC-BC870A1D6A67}.Release|Any CPU.Build.0 = Release|Any CPU
	EndGlobalSection
	GlobalSection(SolutionProperties) = preSolution
		HideSolutionNode = FALSE
	EndGlobalSection
	GlobalSection(ExtensibilityGlobals) = postSolution
		SolutionGuid = {81A5BB45-0252-4F8F-A988-008D33297A6C}
	EndGlobalSection
EndGlobal
